
Microsoft Visual Studio Solution File, Format Version 12.00
# Visual Studio Version 16
VisualStudioVersion = 16.0.31112.23
MinimumVisualStudioVersion = 10.0.40219.1
Project("{FAE04EC0-301F-11D3-BF4B-00C04F79EFBC}") = "Pascal's Triangle Maker", "Pascal's Triangle Maker\Pascal's Triangle Maker.csproj", "{DCACB6BD-620B-43F1-AA70-BD3C61C2EC7E}"
EndProject
Global
	GlobalSection(SolutionConfigurationPlatforms) = preSolution
		Debug|Any CPU = Debug|Any CPU
		Release|Any CPU = Release|Any CPU
	EndGlobalSection
	GlobalSection(ProjectConfigurationPlatforms) = postSolution
		{DCACB6BD-620B-43F1-AA70-BD3C61C2EC7E}.Debug|Any CPU.ActiveCfg = Debug|Any CPU
		{DCACB6BD-620B-43F1-AA70-BD3C61C2EC7E}.Debug|Any CPU.Build.0 = Debug|Any CPU
		{DCACB6BD-620B-43F1-AA70-BD3C61C2EC7E}.Release|Any CPU.ActiveCfg = Release|Any CPU
		{DCACB6BD-620B-43F1-AA70-BD3C61C2EC7E}.Release|Any CPU.Build.0 = Release|Any CPU
	EndGlobalSection
	GlobalSection(SolutionProperties) = preSolution
		HideSolutionNode = FALSE
	EndGlobalSection
	GlobalSection(ExtensibilityGlobals) = postSolution
		SolutionGuid = {6268E150-6821-497F-BF9A-E242D02377F4}
	EndGlobalSection
EndGlobal
